
Microsoft Visual Studio Solution File, Format Version 12.00
# Visual Studio Version 17
VisualStudioVersion = 17.4.33213.308
MinimumVisualStudioVersion = 10.0.40219.1
Project("{FAE04EC0-301F-11D3-BF4B-00C04F79EFBC}") = "FictumAnalog", "FictumAnalog\FictumAnalog.csproj", "{DAFADDF3-66F4-4F11-A569-8649774D8589}"
EndProject
Global
	GlobalSection(SolutionConfigurationPlatforms) = preSolution
		Debug|Any CPU = Debug|Any CPU
		Release|Any CPU = Release|Any CPU
	EndGlobalSection
	GlobalSection(ProjectConfigurationPlatforms) = postSolution
		{DAFADDF3-66F4-4F11-A569-8649774D8589}.Debug|Any CPU.ActiveCfg = Debug|Any CPU
		{DAFADDF3-66F4-4F11-A569-8649774D8589}.Debug|Any CPU.Build.0 = Debug|Any CPU
		{DAFADDF3-66F4-4F11-A569-8649774D8589}.Release|Any CPU.ActiveCfg = Release|Any CPU
		{DAFADDF3-66F4-4F11-A569-8649774D8589}.Release|Any CPU.Build.0 = Release|Any CPU
	EndGlobalSection
	GlobalSection(SolutionProperties) = preSolution
		HideSolutionNode = FALSE
	EndGlobalSection
	GlobalSection(ExtensibilityGlobals) = postSolution
		SolutionGuid = {CE158FC9-2567-4CEE-B8B5-AF71DF2E66F3}
	EndGlobalSection
EndGlobal
